
Microsoft Visual Studio Solution File, Format Version 12.00
# Visual Studio Version 16
VisualStudioVersion = 16.0.31624.102
MinimumVisualStudioVersion = 10.0.40219.1
Project("{9A19103F-16F7-4668-BE54-9A1E7A4F7556}") = "pz_9", "pz_9\pz_9.csproj", "{7E9A73A3-A275-4C33-9479-3A09C268A483}"
EndProject
Project("{9A19103F-16F7-4668-BE54-9A1E7A4F7556}") = "pz_5", "pz_5\pz_5.csproj", "{022297B9-81C3-427F-83EC-F2806F204416}"
EndProject
Project("{9A19103F-16F7-4668-BE54-9A1E7A4F7556}") = "pz_6", "pz_6\pz_6.csproj", "{A611F197-3A5A-4182-AA08-D25682859153}"
EndProject
Project("{9A19103F-16F7-4668-BE54-9A1E7A4F7556}") = "pz_8", "pz_8\pz_8.csproj", "{8EED5816-D20E-4153-BCE8-1B08744FF4A7}"
EndProject
Project("{9A19103F-16F7-4668-BE54-9A1E7A4F7556}") = "pz_10", "pz_10\pz_10.csproj", "{AB8EFEC5-2862-4397-B45C-488E3828A3BF}"
EndProject
Project("{FAE04EC0-301F-11D3-BF4B-00C04F79EFBC}") = "pz_11", "pz_11\pz_11.csproj", "{78E1F29D-EFCA-494E-9327-0EE14DD37931}"
EndProject
Global
	GlobalSection(SolutionConfigurationPlatforms) = preSolution
		Debug|Any CPU = Debug|Any CPU
		Release|Any CPU = Release|Any CPU
	EndGlobalSection
	GlobalSection(ProjectConfigurationPlatforms) = postSolution
		{7E9A73A3-A275-4C33-9479-3A09C268A483}.Debug|Any CPU.ActiveCfg = Debug|Any CPU
		{7E9A73A3-A275-4C33-9479-3A09C268A483}.Debug|Any CPU.Build.0 = Debug|Any CPU
		{7E9A73A3-A275-4C33-9479-3A09C268A483}.Release|Any CPU.ActiveCfg = Release|Any CPU
		{7E9A73A3-A275-4C33-9479-3A09C268A483}.Release|Any CPU.Build.0 = Release|Any CPU
		{022297B9-81C3-427F-83EC-F2806F204416}.Debug|Any CPU.ActiveCfg = Debug|Any CPU
		{022297B9-81C3-427F-83EC-F2806F204416}.Debug|Any CPU.Build.0 = Debug|Any CPU
		{022297B9-81C3-427F-83EC-F2806F204416}.Release|Any CPU.ActiveCfg = Release|Any CPU
		{022297B9-81C3-427F-83EC-F2806F204416}.Release|Any CPU.Build.0 = Release|Any CPU
		{A611F197-3A5A-4182-AA08-D25682859153}.Debug|Any CPU.ActiveCfg = Debug|Any CPU
		{A611F197-3A5A-4182-AA08-D25682859153}.Debug|Any CPU.Build.0 = Debug|Any CPU
		{A611F197-3A5A-4182-AA08-D25682859153}.Release|Any CPU.ActiveCfg = Release|Any CPU
		{A611F197-3A5A-4182-AA08-D25682859153}.Release|Any CPU.Build.0 = Release|Any CPU
		{8EED5816-D20E-4153-BCE8-1B08744FF4A7}.Debug|Any CPU.ActiveCfg = Debug|Any CPU
		{8EED5816-D20E-4153-BCE8-1B08744FF4A7}.Debug|Any CPU.Build.0 = Debug|Any CPU
		{8EED5816-D20E-4153-BCE8-1B08744FF4A7}.Release|Any CPU.ActiveCfg = Release|Any CPU
		{8EED5816-D20E-4153-BCE8-1B08744FF4A7}.Release|Any CPU.Build.0 = Release|Any CPU
		{AB8EFEC5-2862-4397-B45C-488E3828A3BF}.Debug|Any CPU.ActiveCfg = Debug|Any CPU
		{AB8EFEC5-2862-4397-B45C-488E3828A3BF}.Debug|Any CPU.Build.0 = Debug|Any CPU
		{AB8EFEC5-2862-4397-B45C-488E3828A3BF}.Release|Any CPU.ActiveCfg = Release|Any CPU
		{AB8EFEC5-2862-4397-B45C-488E3828A3BF}.Release|Any CPU.Build.0 = Release|Any CPU
		{78E1F29D-EFCA-494E-9327-0EE14DD37931}.Debug|Any CPU.ActiveCfg = Debug|Any CPU
		{78E1F29D-EFCA-494E-9327-0EE14DD37931}.Debug|Any CPU.Build.0 = Debug|Any CPU
		{78E1F29D-EFCA-494E-9327-0EE14DD37931}.Release|Any CPU.ActiveCfg = Release|Any CPU
		{78E1F29D-EFCA-494E-9327-0EE14DD37931}.Release|Any CPU.Build.0 = Release|Any CPU
	EndGlobalSection
	GlobalSection(SolutionProperties) = preSolution
		HideSolutionNode = FALSE
	EndGlobalSection
	GlobalSection(ExtensibilityGlobals) = postSolution
		SolutionGuid = {C57A6A69-F3D2-42C0-8B77-1F2F9DFC06D4}
	EndGlobalSection
EndGlobal
